// !$*UTF8*$!
{
	archiveVersion = 1;
	classes = {
	};
	objectVersion = 56;
	objects = {

/* Begin PBXBuildFile section */
		3B130C82D43C4EE2DAFD97BE /* Pods_BG_iOS.framework in Frameworks */ = {isa = PBXBuildFile; fileRef = 2EDE0258F5B8F2BC2572FA6D /* Pods_BG_iOS.framework */; };
		F166C3122A17A753003E8C3C /* CaptureViewController.swift in Sources */ = {isa = PBXBuildFile; fileRef = F166C3112A17A753003E8C3C /* CaptureViewController.swift */; };
		F166C3142A17C91A003E8C3C /* Utils.swift in Sources */ = {isa = PBXBuildFile; fileRef = F166C3132A17C91A003E8C3C /* Utils.swift */; };
		F166C3162A17C975003E8C3C /* yolov5s.mlmodel in Sources */ = {isa = PBXBuildFile; fileRef = F166C3152A17C975003E8C3C /* yolov5s.mlmodel */; };
		F166C3182A1871F4003E8C3C /* PreviewView.swift in Sources */ = {isa = PBXBuildFile; fileRef = F166C3172A1871F4003E8C3C /* PreviewView.swift */; };
		F166C31A2A18BE89003E8C3C /* SearchViewController.swift in Sources */ = {isa = PBXBuildFile; fileRef = F166C3192A18BE89003E8C3C /* SearchViewController.swift */; };
		F18CDA8C2A17A03F002A3FAC /* AppDelegate.swift in Sources */ = {isa = PBXBuildFile; fileRef = F18CDA8B2A17A03F002A3FAC /* AppDelegate.swift */; };
		F18CDA8E2A17A03F002A3FAC /* SceneDelegate.swift in Sources */ = {isa = PBXBuildFile; fileRef = F18CDA8D2A17A03F002A3FAC /* SceneDelegate.swift */; };
		F18CDA902A17A03F002A3FAC /* ViewController.swift in Sources */ = {isa = PBXBuildFile; fileRef = F18CDA8F2A17A03F002A3FAC /* ViewController.swift */; };
		F18CDA932A17A03F002A3FAC /* Main.storyboard in Resources */ = {isa = PBXBuildFile; fileRef = F18CDA912A17A03F002A3FAC /* Main.storyboard */; };
		F18CDA952A17A040002A3FAC /* Assets.xcassets in Resources */ = {isa = PBXBuildFile; fileRef = F18CDA942A17A040002A3FAC /* Assets.xcassets */; };
		F18CDA982A17A040002A3FAC /* LaunchScreen.storyboard in Resources */ = {isa = PBXBuildFile; fileRef = F18CDA962A17A040002A3FAC /* LaunchScreen.storyboard */; };
		F1D459D02A20FFF700CDF245 /* SearchResultViewController.swift in Sources */ = {isa = PBXBuildFile; fileRef = F1D459CF2A20FFF700CDF245 /* SearchResultViewController.swift */; };
		F1D459D22A21D30D00CDF245 /* Secrets.plist in Resources */ = {isa = PBXBuildFile; fileRef = F1D459D12A21D30D00CDF245 /* Secrets.plist */; };
		F1D459D42A21D4CB00CDF245 /* SecretsBundle.swift in Sources */ = {isa = PBXBuildFile; fileRef = F1D459D32A21D4CB00CDF245 /* SecretsBundle.swift */; };
/* End PBXBuildFile section */

/* Begin PBXFileReference section */
		01461A9DF201079CF9677E94 /* Pods-BG_iOS.release.xcconfig */ = {isa = PBXFileReference; includeInIndex = 1; lastKnownFileType = text.xcconfig; name = "Pods-BG_iOS.release.xcconfig"; path = "Target Support Files/Pods-BG_iOS/Pods-BG_iOS.release.xcconfig"; sourceTree = "<group>"; };
		2EDE0258F5B8F2BC2572FA6D /* Pods_BG_iOS.framework */ = {isa = PBXFileReference; explicitFileType = wrapper.framework; includeInIndex = 0; path = Pods_BG_iOS.framework; sourceTree = BUILT_PRODUCTS_DIR; };
		71C55F07711A53A34E634A57 /* Pods-BG_iOS.debug.xcconfig */ = {isa = PBXFileReference; includeInIndex = 1; lastKnownFileType = text.xcconfig; name = "Pods-BG_iOS.debug.xcconfig"; path = "Target Support Files/Pods-BG_iOS/Pods-BG_iOS.debug.xcconfig"; sourceTree = "<group>"; };
		F166C3112A17A753003E8C3C /* CaptureViewController.swift */ = {isa = PBXFileReference; lastKnownFileType = sourcecode.swift; path = CaptureViewController.swift; sourceTree = "<group>"; };
		F166C3132A17C91A003E8C3C /* Utils.swift */ = {isa = PBXFileReference; lastKnownFileType = sourcecode.swift; path = Utils.swift; sourceTree = "<group>"; };
		F166C3152A17C975003E8C3C /* yolov5s.mlmodel */ = {isa = PBXFileReference; lastKnownFileType = file.mlmodel; path = yolov5s.mlmodel; sourceTree = "<group>"; };
		F166C3172A1871F4003E8C3C /* PreviewView.swift */ = {isa = PBXFileReference; lastKnownFileType = sourcecode.swift; path = PreviewView.swift; sourceTree = "<group>"; };
		F166C3192A18BE89003E8C3C /* SearchViewController.swift */ = {isa = PBXFileReference; lastKnownFileType = sourcecode.swift; path = SearchViewController.swift; sourceTree = "<group>"; };
		F18CDA882A17A03F002A3FAC /* BG_iOS.app */ = {isa = PBXFileReference; explicitFileType = wrapper.application; includeInIndex = 0; path = BG_iOS.app; sourceTree = BUILT_PRODUCTS_DIR; };
		F18CDA8B2A17A03F002A3FAC /* AppDelegate.swift */ = {isa = PBXFileReference; lastKnownFileType = sourcecode.swift; path = AppDelegate.swift; sourceTree = "<group>"; };
		F18CDA8D2A17A03F002A3FAC /* SceneDelegate.swift */ = {isa = PBXFileReference; lastKnownFileType = sourcecode.swift; path = SceneDelegate.swift; sourceTree = "<group>"; };
		F18CDA8F2A17A03F002A3FAC /* ViewController.swift */ = {isa = PBXFileReference; lastKnownFileType = sourcecode.swift; path = ViewController.swift; sourceTree = "<group>"; };
		F18CDA922A17A03F002A3FAC /* Base */ = {isa = PBXFileReference; lastKnownFileType = file.storyboard; name = Base; path = Base.lproj/Main.storyboard; sourceTree = "<group>"; };
		F18CDA942A17A040002A3FAC /* Assets.xcassets */ = {isa = PBXFileReference; lastKnownFileType = folder.assetcatalog; path = Assets.xcassets; sourceTree = "<group>"; };
		F18CDA972A17A040002A3FAC /* Base */ = {isa = PBXFileReference; lastKnownFileType = file.storyboard; name = Base; path = Base.lproj/LaunchScreen.storyboard; sourceTree = "<group>"; };
		F18CDA992A17A040002A3FAC /* Info.plist */ = {isa = PBXFileReference; lastKnownFileType = text.plist.xml; path = Info.plist; sourceTree = "<group>"; };
		F1D459CF2A20FFF700CDF245 /* SearchResultViewController.swift */ = {isa = PBXFileReference; lastKnownFileType = sourcecode.swift; path = SearchResultViewController.swift; sourceTree = "<group>"; };
		F1D459D12A21D30D00CDF245 /* Secrets.plist */ = {isa = PBXFileReference; lastKnownFileType = text.plist.xml; path = Secrets.plist; sourceTree = "<group>"; };
		F1D459D32A21D4CB00CDF245 /* SecretsBundle.swift */ = {isa = PBXFileReference; lastKnownFileType = sourcecode.swift; path = SecretsBundle.swift; sourceTree = "<group>"; };
/* End PBXFileReference section */

/* Begin PBXFrameworksBuildPhase section */
		F18CDA852A17A03F002A3FAC /* Frameworks */ = {
			isa = PBXFrameworksBuildPhase;
			buildActionMask = 2147483647;
			files = (
				3B130C82D43C4EE2DAFD97BE /* Pods_BG_iOS.framework in Frameworks */,
			);
			runOnlyForDeploymentPostprocessing = 0;
		};
/* End PBXFrameworksBuildPhase section */

/* Begin PBXGroup section */
		45F38719E9987887D4215C85 /* Pods */ = {
			isa = PBXGroup;
			children = (
				71C55F07711A53A34E634A57 /* Pods-BG_iOS.debug.xcconfig */,
				01461A9DF201079CF9677E94 /* Pods-BG_iOS.release.xcconfig */,
			);
			path = Pods;
			sourceTree = "<group>";
		};
		5BED9A7833CDE777495D4484 /* Frameworks */ = {
			isa = PBXGroup;
			children = (
				2EDE0258F5B8F2BC2572FA6D /* Pods_BG_iOS.framework */,
			);
			name = Frameworks;
			sourceTree = "<group>";
		};
		F18CDA7F2A17A03F002A3FAC = {
			isa = PBXGroup;
			children = (
				F18CDA8A2A17A03F002A3FAC /* BG_iOS */,
				F18CDA892A17A03F002A3FAC /* Products */,
				45F38719E9987887D4215C85 /* Pods */,
				5BED9A7833CDE777495D4484 /* Frameworks */,
			);
			sourceTree = "<group>";
		};
		F18CDA892A17A03F002A3FAC /* Products */ = {
			isa = PBXGroup;
			children = (
				F18CDA882A17A03F002A3FAC /* BG_iOS.app */,
			);
			name = Products;
			sourceTree = "<group>";
		};
		F18CDA8A2A17A03F002A3FAC /* BG_iOS */ = {
			isa = PBXGroup;
			children = (
				F18CDA8B2A17A03F002A3FAC /* AppDelegate.swift */,
				F18CDA8D2A17A03F002A3FAC /* SceneDelegate.swift */,
				F18CDA8F2A17A03F002A3FAC /* ViewController.swift */,
				F166C3112A17A753003E8C3C /* CaptureViewController.swift */,
				F166C3192A18BE89003E8C3C /* SearchViewController.swift */,
				F1D459CF2A20FFF700CDF245 /* SearchResultViewController.swift */,
				F18CDA912A17A03F002A3FAC /* Main.storyboard */,
				F166C3132A17C91A003E8C3C /* Utils.swift */,
				F166C3172A1871F4003E8C3C /* PreviewView.swift */,
				F18CDA942A17A040002A3FAC /* Assets.xcassets */,
				F18CDA962A17A040002A3FAC /* LaunchScreen.storyboard */,
				F166C3152A17C975003E8C3C /* yolov5s.mlmodel */,
				F18CDA992A17A040002A3FAC /* Info.plist */,
				F1D459D12A21D30D00CDF245 /* Secrets.plist */,
				F1D459D32A21D4CB00CDF245 /* SecretsBundle.swift */,
			);
			path = BG_iOS;
			sourceTree = "<group>";
		};
/* End PBXGroup section */

/* Begin PBXNativeTarget section */
		F18CDA872A17A03F002A3FAC /* BG_iOS */ = {
			isa = PBXNativeTarget;
			buildConfigurationList = F18CDA9C2A17A040002A3FAC /* Build configuration list for PBXNativeTarget "BG_iOS" */;
			buildPhases = (
				F24D8434604F903944CDDCE7 /* [CP] Check Pods Manifest.lock */,
				F18CDA842A17A03F002A3FAC /* Sources */,
				F18CDA852A17A03F002A3FAC /* Frameworks */,
				F18CDA862A17A03F002A3FAC /* Resources */,
				EFA4D5050AB4CB238898F9A6 /* [CP] Embed Pods Frameworks */,
			);
			buildRules = (
			);
			dependencies = (
			);
			name = BG_iOS;
			productName = BG_iOS;
			productReference = F18CDA882A17A03F002A3FAC /* BG_iOS.app */;
			productType = "com.apple.product-type.application";
		};
/* End PBXNativeTarget section */

/* Begin PBXProject section */
		F18CDA802A17A03F002A3FAC /* Project object */ = {
			isa = PBXProject;
			attributes = {
				BuildIndependentTargetsInParallel = 1;
				LastSwiftUpdateCheck = 1420;
				LastUpgradeCheck = 1420;
				TargetAttributes = {
					F18CDA872A17A03F002A3FAC = {
						CreatedOnToolsVersion = 14.2;
					};
				};
			};
			buildConfigurationList = F18CDA832A17A03F002A3FAC /* Build configuration list for PBXProject "BG_iOS" */;
			compatibilityVersion = "Xcode 14.0";
			developmentRegion = en;
			hasScannedForEncodings = 0;
			knownRegions = (
				en,
				Base,
			);
			mainGroup = F18CDA7F2A17A03F002A3FAC;
			productRefGroup = F18CDA892A17A03F002A3FAC /* Products */;
			projectDirPath = "";
			projectRoot = "";
			targets = (
				F18CDA872A17A03F002A3FAC /* BG_iOS */,
			);
		};
/* End PBXProject section */

/* Begin PBXResourcesBuildPhase section */
		F18CDA862A17A03F002A3FAC /* Resources */ = {
			isa = PBXResourcesBuildPhase;
			buildActionMask = 2147483647;
			files = (
				F1D459D22A21D30D00CDF245 /* Secrets.plist in Resources */,
				F18CDA982A17A040002A3FAC /* LaunchScreen.storyboard in Resources */,
				F18CDA952A17A040002A3FAC /* Assets.xcassets in Resources */,
				F18CDA932A17A03F002A3FAC /* Main.storyboard in Resources */,
			);
			runOnlyForDeploymentPostprocessing = 0;
		};
/* End PBXResourcesBuildPhase section */

/* Begin PBXShellScriptBuildPhase section */
		EFA4D5050AB4CB238898F9A6 /* [CP] Embed Pods Frameworks */ = {
			isa = PBXShellScriptBuildPhase;
			buildActionMask = 2147483647;
			files = (
			);
			inputFileListPaths = (
				"${PODS_ROOT}/Target Support Files/Pods-BG_iOS/Pods-BG_iOS-frameworks-${CONFIGURATION}-input-files.xcfilelist",
			);
			name = "[CP] Embed Pods Frameworks";
			outputFileListPaths = (
				"${PODS_ROOT}/Target Support Files/Pods-BG_iOS/Pods-BG_iOS-frameworks-${CONFIGURATION}-output-files.xcfilelist",
			);
			runOnlyForDeploymentPostprocessing = 0;
			shellPath = /bin/sh;
			shellScript = "\"${PODS_ROOT}/Target Support Files/Pods-BG_iOS/Pods-BG_iOS-frameworks.sh\"\n";
			showEnvVarsInLog = 0;
		};
		F24D8434604F903944CDDCE7 /* [CP] Check Pods Manifest.lock */ = {
			isa = PBXShellScriptBuildPhase;
			buildActionMask = 2147483647;
			files = (
			);
			inputFileListPaths = (
			);
			inputPaths = (
				"${PODS_PODFILE_DIR_PATH}/Podfile.lock",
				"${PODS_ROOT}/Manifest.lock",
			);
			name = "[CP] Check Pods Manifest.lock";
			outputFileListPaths = (
			);
			outputPaths = (
				"$(DERIVED_FILE_DIR)/Pods-BG_iOS-checkManifestLockResult.txt",
			);
			runOnlyForDeploymentPostprocessing = 0;
			shellPath = /bin/sh;
			shellScript = "diff \"${PODS_PODFILE_DIR_PATH}/Podfile.lock\" \"${PODS_ROOT}/Manifest.lock\" > /dev/null\nif [ $? != 0 ] ; then\n    # print error to STDERR\n    echo \"error: The sandbox is not in sync with the Podfile.lock. Run 'pod install' or update your CocoaPods installation.\" >&2\n    exit 1\nfi\n# This output is used by Xcode 'outputs' to avoid re-running this script phase.\necho \"SUCCESS\" > \"${SCRIPT_OUTPUT_FILE_0}\"\n";
			showEnvVarsInLog = 0;
		};
/* End PBXShellScriptBuildPhase section */

/* Begin PBXSourcesBuildPhase section */
		F18CDA842A17A03F002A3FAC /* Sources */ = {
			isa = PBXSourcesBuildPhase;
			buildActionMask = 2147483647;
			files = (
				F166C3142A17C91A003E8C3C /* Utils.swift in Sources */,
				F1D459D02A20FFF700CDF245 /* SearchResultViewController.swift in Sources */,
				F18CDA902A17A03F002A3FAC /* ViewController.swift in Sources */,
				F166C31A2A18BE89003E8C3C /* SearchViewController.swift in Sources */,
				F166C3182A1871F4003E8C3C /* PreviewView.swift in Sources */,
				F166C3122A17A753003E8C3C /* CaptureViewController.swift in Sources */,
				F18CDA8C2A17A03F002A3FAC /* AppDelegate.swift in Sources */,
				F166C3162A17C975003E8C3C /* yolov5s.mlmodel in Sources */,
				F18CDA8E2A17A03F002A3FAC /* SceneDelegate.swift in Sources */,
				F1D459D42A21D4CB00CDF245 /* SecretsBundle.swift in Sources */,
			);
			runOnlyForDeploymentPostprocessing = 0;
		};
/* End PBXSourcesBuildPhase section */

/* Begin PBXVariantGroup section */
		F18CDA912A17A03F002A3FAC /* Main.storyboard */ = {
			isa = PBXVariantGroup;
			children = (
				F18CDA922A17A03F002A3FAC /* Base */,
			);
			name = Main.storyboard;
			sourceTree = "<group>";
		};
		F18CDA962A17A040002A3FAC /* LaunchScreen.storyboard */ = {
			isa = PBXVariantGroup;
			children = (
				F18CDA972A17A040002A3FAC /* Base */,
			);
			name = LaunchScreen.storyboard;
			sourceTree = "<group>";
		};
/* End PBXVariantGroup section */

/* Begin XCBuildConfiguration section */
		F18CDA9A2A17A040002A3FAC /* Debug */ = {
			isa = XCBuildConfiguration;
			buildSettings = {
				ALWAYS_SEARCH_USER_PATHS = NO;
				CLANG_ANALYZER_NONNULL = YES;
				CLANG_ANALYZER_NUMBER_OBJECT_CONVERSION = YES_AGGRESSIVE;
				CLANG_CXX_LANGUAGE_STANDARD = "gnu++20";
				CLANG_ENABLE_MODULES = YES;
				CLANG_ENABLE_OBJC_ARC = YES;
				CLANG_ENABLE_OBJC_WEAK = YES;
				CLANG_WARN_BLOCK_CAPTURE_AUTORELEASING = YES;
				CLANG_WARN_BOOL_CONVERSION = YES;
				CLANG_WARN_COMMA = YES;
				CLANG_WARN_CONSTANT_CONVERSION = YES;
				CLANG_WARN_DEPRECATED_OBJC_IMPLEMENTATIONS = YES;
				CLANG_WARN_DIRECT_OBJC_ISA_USAGE = YES_ERROR;
				CLANG_WARN_DOCUMENTATION_COMMENTS = YES;
				CLANG_WARN_EMPTY_BODY = YES;
				CLANG_WARN_ENUM_CONVERSION = YES;
				CLANG_WARN_INFINITE_RECURSION = YES;
				CLANG_WARN_INT_CONVERSION = YES;
				CLANG_WARN_NON_LITERAL_NULL_CONVERSION = YES;
				CLANG_WARN_OBJC_IMPLICIT_RETAIN_SELF = YES;
				CLANG_WARN_OBJC_LITERAL_CONVERSION = YES;
				CLANG_WARN_OBJC_ROOT_CLASS = YES_ERROR;
				CLANG_WARN_QUOTED_INCLUDE_IN_FRAMEWORK_HEADER = YES;
				CLANG_WARN_RANGE_LOOP_ANALYSIS = YES;
				CLANG_WARN_STRICT_PROTOTYPES = YES;
				CLANG_WARN_SUSPICIOUS_MOVE = YES;
				CLANG_WARN_UNGUARDED_AVAILABILITY = YES_AGGRESSIVE;
				CLANG_WARN_UNREACHABLE_CODE = YES;
				CLANG_WARN__DUPLICATE_METHOD_MATCH = YES;
				COPY_PHASE_STRIP = NO;
				DEBUG_INFORMATION_FORMAT = dwarf;
				ENABLE_STRICT_OBJC_MSGSEND = YES;
				ENABLE_TESTABILITY = YES;
				GCC_C_LANGUAGE_STANDARD = gnu11;
				GCC_DYNAMIC_NO_PIC = NO;
				GCC_NO_COMMON_BLOCKS = YES;
				GCC_OPTIMIZATION_LEVEL = 0;
				GCC_PREPROCESSOR_DEFINITIONS = (
					"DEBUG=1",
					"$(inherited)",
				);
				GCC_WARN_64_TO_32_BIT_CONVERSION = YES;
				GCC_WARN_ABOUT_RETURN_TYPE = YES_ERROR;
				GCC_WARN_UNDECLARED_SELECTOR = YES;
				GCC_WARN_UNINITIALIZED_AUTOS = YES_AGGRESSIVE;
				GCC_WARN_UNUSED_FUNCTION = YES;
				GCC_WARN_UNUSED_VARIABLE = YES;
				IPHONEOS_DEPLOYMENT_TARGET = 16.2;
				MTL_ENABLE_DEBUG_INFO = INCLUDE_SOURCE;
				MTL_FAST_MATH = YES;
				ONLY_ACTIVE_ARCH = YES;
				SDKROOT = iphoneos;
				SWIFT_ACTIVE_COMPILATION_CONDITIONS = DEBUG;
				SWIFT_OPTIMIZATION_LEVEL = "-Onone";
			};
			name = Debug;
		};
		F18CDA9B2A17A040002A3FAC /* Release */ = {
			isa = XCBuildConfiguration;
			buildSettings = {
				ALWAYS_SEARCH_USER_PATHS = NO;
				CLANG_ANALYZER_NONNULL = YES;
				CLANG_ANALYZER_NUMBER_OBJECT_CONVERSION = YES_AGGRESSIVE;
				CLANG_CXX_LANGUAGE_STANDARD = "gnu++20";
				CLANG_ENABLE_MODULES = YES;
				CLANG_ENABLE_OBJC_ARC = YES;
				CLANG_ENABLE_OBJC_WEAK = YES;
				CLANG_WARN_BLOCK_CAPTURE_AUTORELEASING = YES;
				CLANG_WARN_BOOL_CONVERSION = YES;
				CLANG_WARN_COMMA = YES;
				CLANG_WARN_CONSTANT_CONVERSION = YES;
				CLANG_WARN_DEPRECATED_OBJC_IMPLEMENTATIONS = YES;
				CLANG_WARN_DIRECT_OBJC_ISA_USAGE = YES_ERROR;
				CLANG_WARN_DOCUMENTATION_COMMENTS = YES;
				CLANG_WARN_EMPTY_BODY = YES;
				CLANG_WARN_ENUM_CONVERSION = YES;
				CLANG_WARN_INFINITE_RECURSION = YES;
				CLANG_WARN_INT_CONVERSION = YES;
				CLANG_WARN_NON_LITERAL_NULL_CONVERSION = YES;
				CLANG_WARN_OBJC_IMPLICIT_RETAIN_SELF = YES;
				CLANG_WARN_OBJC_LITERAL_CONVERSION = YES;
				CLANG_WARN_OBJC_ROOT_CLASS = YES_ERROR;
				CLANG_WARN_QUOTED_INCLUDE_IN_FRAMEWORK_HEADER = YES;
				CLANG_WARN_RANGE_LOOP_ANALYSIS = YES;
				CLANG_WARN_STRICT_PROTOTYPES = YES;
				CLANG_WARN_SUSPICIOUS_MOVE = YES;
				CLANG_WARN_UNGUARDED_AVAILABILITY = YES_AGGRESSIVE;
				CLANG_WARN_UNREACHABLE_CODE = YES;
				CLANG_WARN__DUPLICATE_METHOD_MATCH = YES;
				COPY_PHASE_STRIP = NO;
				DEBUG_INFORMATION_FORMAT = "dwarf-with-dsym";
				ENABLE_NS_ASSERTIONS = NO;
				ENABLE_STRICT_OBJC_MSGSEND = YES;
				GCC_C_LANGUAGE_STANDARD = gnu11;
				GCC_NO_COMMON_BLOCKS = YES;
				GCC_WARN_64_TO_32_BIT_CONVERSION = YES;
				GCC_WARN_ABOUT_RETURN_TYPE = YES_ERROR;
				GCC_WARN_UNDECLARED_SELECTOR = YES;
				GCC_WARN_UNINITIALIZED_AUTOS = YES_AGGRESSIVE;
				GCC_WARN_UNUSED_FUNCTION = YES;
				GCC_WARN_UNUSED_VARIABLE = YES;
				IPHONEOS_DEPLOYMENT_TARGET = 16.2;
				MTL_ENABLE_DEBUG_INFO = NO;
				MTL_FAST_MATH = YES;
				SDKROOT = iphoneos;
				SWIFT_COMPILATION_MODE = wholemodule;
				SWIFT_OPTIMIZATION_LEVEL = "-O";
				VALIDATE_PRODUCT = YES;
			};
			name = Release;
		};
		F18CDA9D2A17A040002A3FAC /* Debug */ = {
			isa = XCBuildConfiguration;
			baseConfigurationReference = 71C55F07711A53A34E634A57 /* Pods-BG_iOS.debug.xcconfig */;
			buildSettings = {
				ASSETCATALOG_COMPILER_APPICON_NAME = AppIcon;
				ASSETCATALOG_COMPILER_GLOBAL_ACCENT_COLOR_NAME = AccentColor;
				CODE_SIGN_STYLE = Automatic;
				CURRENT_PROJECT_VERSION = 1;
				DEVELOPMENT_TEAM = 3GP97WXHSG;
				GENERATE_INFOPLIST_FILE = YES;
				INFOPLIST_FILE = BG_iOS/Info.plist;
				INFOPLIST_KEY_UIApplicationSupportsIndirectInputEvents = YES;
				INFOPLIST_KEY_UILaunchStoryboardName = LaunchScreen;
				INFOPLIST_KEY_UIMainStoryboardFile = Main;
				INFOPLIST_KEY_UISupportedInterfaceOrientations_iPad = "UIInterfaceOrientationPortrait UIInterfaceOrientationPortraitUpsideDown UIInterfaceOrientationLandscapeLeft UIInterfaceOrientationLandscapeRight";
				INFOPLIST_KEY_UISupportedInterfaceOrientations_iPhone = "UIInterfaceOrientationPortrait UIInterfaceOrientationLandscapeLeft UIInterfaceOrientationLandscapeRight";
				IPHONEOS_DEPLOYMENT_TARGET = 15.6;
				LD_RUNPATH_SEARCH_PATHS = (
					"$(inherited)",
					"@executable_path/Frameworks",
				);
				MARKETING_VERSION = 1.0;
				PRODUCT_BUNDLE_IDENTIFIER = "com.rayleigh.BG-iOS";
				PRODUCT_NAME = "$(TARGET_NAME)";
				SWIFT_EMIT_LOC_STRINGS = YES;
				SWIFT_VERSION = 5.0;
				TARGETED_DEVICE_FAMILY = "1,2";
			};
			name = Debug;
		};
		F18CDA9E2A17A040002A3FAC /* Release */ = {
			isa = XCBuildConfiguration;
			baseConfigurationReference = 01461A9DF201079CF9677E94 /* Pods-BG_iOS.release.xcconfig */;
			buildSettings = {
				ASSETCATALOG_COMPILER_APPICON_NAME = AppIcon;
				ASSETCATALOG_COMPILER_GLOBAL_ACCENT_COLOR_NAME = AccentColor;
				CODE_SIGN_STYLE = Automatic;
				CURRENT_PROJECT_VERSION = 1;
				DEVELOPMENT_TEAM = 3GP97WXHSG;
				GENERATE_INFOPLIST_FILE = YES;
				INFOPLIST_FILE = BG_iOS/Info.plist;
				INFOPLIST_KEY_UIApplicationSupportsIndirectInputEvents = YES;
				INFOPLIST_KEY_UILaunchStoryboardName = LaunchScreen;
				INFOPLIST_KEY_UIMainStoryboardFile = Main;
				INFOPLIST_KEY_UISupportedInterfaceOrientations_iPad = "UIInterfaceOrientationPortrait UIInterfaceOrientationPortraitUpsideDown UIInterfaceOrientationLandscapeLeft UIInterfaceOrientationLandscapeRight";
				INFOPLIST_KEY_UISupportedInterfaceOrientations_iPhone = "UIInterfaceOrientationPortrait UIInterfaceOrientationLandscapeLeft UIInterfaceOrientationLandscapeRight";
				IPHONEOS_DEPLOYMENT_TARGET = 15.6;
				LD_RUNPATH_SEARCH_PATHS = (
					"$(inherited)",
					"@executable_path/Frameworks",
				);
				MARKETING_VERSION = 1.0;
				PRODUCT_BUNDLE_IDENTIFIER = "com.rayleigh.BG-iOS";
				PRODUCT_NAME = "$(TARGET_NAME)";
				SWIFT_EMIT_LOC_STRINGS = YES;
				SWIFT_VERSION = 5.0;
				TARGETED_DEVICE_FAMILY = "1,2";
			};
			name = Release;
		};
/* End XCBuildConfiguration section */

/* Begin XCConfigurationList section */
		F18CDA832A17A03F002A3FAC /* Build configuration list for PBXProject "BG_iOS" */ = {
			isa = XCConfigurationList;
			buildConfigurations = (
				F18CDA9A2A17A040002A3FAC /* Debug */,
				F18CDA9B2A17A040002A3FAC /* Release */,
			);
			defaultConfigurationIsVisible = 0;
			defaultConfigurationName = Release;
		};
		F18CDA9C2A17A040002A3FAC /* Build configuration list for PBXNativeTarget "BG_iOS" */ = {
			isa = XCConfigurationList;
			buildConfigurations = (
				F18CDA9D2A17A040002A3FAC /* Debug */,
				F18CDA9E2A17A040002A3FAC /* Release */,
			);
			defaultConfigurationIsVisible = 0;
			defaultConfigurationName = Release;
		};
/* End XCConfigurationList section */
	};
	rootObject = F18CDA802A17A03F002A3FAC /* Project object */;
}
